
Microsoft Visual Studio Solution File, Format Version 12.00
# Visual Studio Version 17
VisualStudioVersion = 17.3.32929.385
MinimumVisualStudioVersion = 10.0.40219.1
Project("{FAE04EC0-301F-11D3-BF4B-00C04F79EFBC}") = "Gym Management System", "Gym Management System\Gym Management System.csproj", "{FD706BFF-4F33-481C-8ED2-BAA8FCF2964A}"
EndProject
Global
	GlobalSection(SolutionConfigurationPlatforms) = preSolution
		Debug|Any CPU = Debug|Any CPU
		Release|Any CPU = Release|Any CPU
	EndGlobalSection
	GlobalSection(ProjectConfigurationPlatforms) = postSolution
		{FD706BFF-4F33-481C-8ED2-BAA8FCF2964A}.Debug|Any CPU.ActiveCfg = Debug|Any CPU
		{FD706BFF-4F33-481C-8ED2-BAA8FCF2964A}.Debug|Any CPU.Build.0 = Debug|Any CPU
		{FD706BFF-4F33-481C-8ED2-BAA8FCF2964A}.Release|Any CPU.ActiveCfg = Release|Any CPU
		{FD706BFF-4F33-481C-8ED2-BAA8FCF2964A}.Release|Any CPU.Build.0 = Release|Any CPU
	EndGlobalSection
	GlobalSection(SolutionProperties) = preSolution
		HideSolutionNode = FALSE
	EndGlobalSection
	GlobalSection(ExtensibilityGlobals) = postSolution
		SolutionGuid = {35D8E700-629B-4903-AB7A-149E4AA6E805}
	EndGlobalSection
EndGlobal
